// !$*UTF8*$!
{
	archiveVersion = 1;
	classes = {
	};
	objectVersion = 46;
	objects = {

/* Begin PBXBuildFile section */
		7CDF11DC1C9258D300EC2AA4 /* main.m in Sources */ = {isa = PBXBuildFile; fileRef = 7CDF11DB1C9258D300EC2AA4 /* main.m */; settings = {COMPILER_FLAGS = "-fno-objc-arc"; }; };
		7CDF11E41C9258EA00EC2AA4 /* Friend.m in Sources */ = {isa = PBXBuildFile; fileRef = 7CDF11E31C9258EA00EC2AA4 /* Friend.m */; };
/* End PBXBuildFile section */

/* Begin PBXCopyFilesBuildPhase section */
		7CDF11D61C9258D300EC2AA4 /* CopyFiles */ = {
			isa = PBXCopyFilesBuildPhase;
			buildActionMask = 2147483647;
			dstPath = /usr/share/man/man1/;
			dstSubfolderSpec = 0;
			files = (
			);
			runOnlyForDeploymentPostprocessing = 1;
		};
/* End PBXCopyFilesBuildPhase section */

/* Begin PBXFileReference section */
		7CDF11D81C9258D300EC2AA4 /* CycleRetain */ = {isa = PBXFileReference; explicitFileType = "compiled.mach-o.executable"; includeInIndex = 0; path = CycleRetain; sourceTree = BUILT_PRODUCTS_DIR; };
		7CDF11DB1C9258D300EC2AA4 /* main.m */ = {isa = PBXFileReference; lastKnownFileType = sourcecode.c.objc; path = main.m; sourceTree = "<group>"; };
		7CDF11E21C9258EA00EC2AA4 /* Friend.h */ = {isa = PBXFileReference; fileEncoding = 4; lastKnownFileType = sourcecode.c.h; path = Friend.h; sourceTree = "<group>"; };
		7CDF11E31C9258EA00EC2AA4 /* Friend.m */ = {isa = PBXFileReference; fileEncoding = 4; lastKnownFileType = sourcecode.c.objc; path = Friend.m; sourceTree = "<group>"; };
/* End PBXFileReference section */

/* Begin PBXFrameworksBuildPhase section */
		7CDF11D51C9258D300EC2AA4 /* Frameworks */ = {
			isa = PBXFrameworksBuildPhase;
			buildActionMask = 2147483647;
			files = (
			);
			runOnlyForDeploymentPostprocessing = 0;
		};
/* End PBXFrameworksBuildPhase section */

/* Begin PBXGroup section */
		7CDF11CF1C9258D300EC2AA4 = {
			isa = PBXGroup;
			children = (
				7CDF11DA1C9258D300EC2AA4 /* CycleRetain */,
				7CDF11D91C9258D300EC2AA4 /* Products */,
			);
			sourceTree = "<group>";
		};
		7CDF11D91C9258D300EC2AA4 /* Products */ = {
			isa = PBXGroup;
			children = (
				7CDF11D81C9258D300EC2AA4 /* CycleRetain */,
			);
			name = Products;
			sourceTree = "<group>";
		};
		7CDF11DA1C9258D300EC2AA4 /* CycleRetain */ = {
			isa = PBXGroup;
			children = (
				7CDF11DB1C9258D300EC2AA4 /* main.m */,
				7CDF11E21C9258EA00EC2AA4 /* Friend.h */,
				7CDF11E31C9258EA00EC2AA4 /* Friend.m */,
			);
			path = CycleRetain;
			sourceTree = "<group>";
		};
/* End PBXGroup section */

/* Begin PBXNativeTarget section */
		7CDF11D71C9258D300EC2AA4 /* CycleRetain */ = {
			isa = PBXNativeTarget;
			buildConfigurationList = 7CDF11DF1C9258D300EC2AA4 /* Build configuration list for PBXNativeTarget "CycleRetain" */;
			buildPhases = (
				7CDF11D41C9258D300EC2AA4 /* Sources */,
				7CDF11D51C9258D300EC2AA4 /* Frameworks */,
				7CDF11D61C9258D300EC2AA4 /* CopyFiles */,
			);
			buildRules = (
			);
			dependencies = (
			);
			name = CycleRetain;
			productName = CycleRetain;
			productReference = 7CDF11D81C9258D300EC2AA4 /* CycleRetain */;
			productType = "com.apple.product-type.tool";
		};
/* End PBXNativeTarget section */

/* Begin PBXProject section */
		7CDF11D01C9258D300EC2AA4 /* Project object */ = {
			isa = PBXProject;
			attributes = {
				LastUpgradeCheck = 0720;
				ORGANIZATIONNAME = muyu;
				TargetAttributes = {
					7CDF11D71C9258D300EC2AA4 = {
						CreatedOnToolsVersion = 7.2;
					};
				};
			};
			buildConfigurationList = 7CDF11D31C9258D300EC2AA4 /* Build configuration list for PBXProject "CycleRetain" */;
			compatibilityVersion = "Xcode 3.2";
			developmentRegion = English;
			hasScannedForEncodings = 0;
			knownRegions = (
				en,
			);
			mainGroup = 7CDF11CF1C9258D300EC2AA4;
			productRefGroup = 7CDF11D91C9258D300EC2AA4 /* Products */;
			projectDirPath = "";
			projectRoot = "";
			targets = (
				7CDF11D71C9258D300EC2AA4 /* CycleRetain */,
			);
		};
/* End PBXProject section */

/* Begin PBXSourcesBuildPhase section */
		7CDF11D41C9258D300EC2AA4 /* Sources */ = {
			isa = PBXSourcesBuildPhase;
			buildActionMask = 2147483647;
			files = (
				7CDF11DC1C9258D300EC2AA4 /* main.m in Sources */,
				7CDF11E41C9258EA00EC2AA4 /* Friend.m in Sources */,
			);
			runOnlyForDeploymentPostprocessing = 0;
		};
/* End PBXSourcesBuildPhase section */

/* Begin XCBuildConfiguration section */
		7CDF11DD1C9258D300EC2AA4 /* Debug */ = {
			isa = XCBuildConfiguration;
			buildSettings = {
				ALWAYS_SEARCH_USER_PATHS = NO;
				CLANG_CXX_LANGUAGE_STANDARD = "gnu++0x";
				CLANG_CXX_LIBRARY = "libc++";
				CLANG_ENABLE_MODULES = YES;
				CLANG_ENABLE_OBJC_ARC = YES;
				CLANG_WARN_BOOL_CONVERSION = YES;
				CLANG_WARN_CONSTANT_CONVERSION = YES;
				CLANG_WARN_DIRECT_OBJC_ISA_USAGE = YES_ERROR;
				CLANG_WARN_EMPTY_BODY = YES;
				CLANG_WARN_ENUM_CONVERSION = YES;
				CLANG_WARN_INT_CONVERSION = YES;
				CLANG_WARN_OBJC_ROOT_CLASS = YES_ERROR;
				CLANG_WARN_UNREACHABLE_CODE = YES;
				CLANG_WARN__DUPLICATE_METHOD_MATCH = YES;
				CODE_SIGN_IDENTITY = "-";
				COPY_PHASE_STRIP = NO;
				DEBUG_INFORMATION_FORMAT = dwarf;
				ENABLE_STRICT_OBJC_MSGSEND = YES;
				ENABLE_TESTABILITY = YES;
				GCC_C_LANGUAGE_STANDARD = gnu99;
				GCC_DYNAMIC_NO_PIC = NO;
				GCC_NO_COMMON_BLOCKS = YES;
				GCC_OPTIMIZATION_LEVEL = 0;
				GCC_PREPROCESSOR_DEFINITIONS = (
					"DEBUG=1",
					"$(inherited)",
				);
				GCC_WARN_64_TO_32_BIT_CONVERSION = YES;
				GCC_WARN_ABOUT_RETURN_TYPE = YES_ERROR;
				GCC_WARN_UNDECLARED_SELECTOR = YES;
				GCC_WARN_UNINITIALIZED_AUTOS = YES_AGGRESSIVE;
				GCC_WARN_UNUSED_FUNCTION = YES;
				GCC_WARN_UNUSED_VARIABLE = YES;
				MACOSX_DEPLOYMENT_TARGET = 10.10;
				MTL_ENABLE_DEBUG_INFO = YES;
				ONLY_ACTIVE_ARCH = YES;
				SDKROOT = macosx;
			};
			name = Debug;
		};
		7CDF11DE1C9258D300EC2AA4 /* Release */ = {
			isa = XCBuildConfiguration;
			buildSettings = {
				ALWAYS_SEARCH_USER_PATHS = NO;
				CLANG_CXX_LANGUAGE_STANDARD = "gnu++0x";
				CLANG_CXX_LIBRARY = "libc++";
				CLANG_ENABLE_MODULES = YES;
				CLANG_ENABLE_OBJC_ARC = YES;
				CLANG_WARN_BOOL_CONVERSION = YES;
				CLANG_WARN_CONSTANT_CONVERSION = YES;
				CLANG_WARN_DIRECT_OBJC_ISA_USAGE = YES_ERROR;
				CLANG_WARN_EMPTY_BODY = YES;
				CLANG_WARN_ENUM_CONVERSION = YES;
				CLANG_WARN_INT_CONVERSION = YES;
				CLANG_WARN_OBJC_ROOT_CLASS = YES_ERROR;
				CLANG_WARN_UNREACHABLE_CODE = YES;
				CLANG_WARN__DUPLICATE_METHOD_MATCH = YES;
				CODE_SIGN_IDENTITY = "-";
				COPY_PHASE_STRIP = NO;
				DEBUG_INFORMATION_FORMAT = "dwarf-with-dsym";
				ENABLE_NS_ASSERTIONS = NO;
				ENABLE_STRICT_OBJC_MSGSEND = YES;
				GCC_C_LANGUAGE_STANDARD = gnu99;
				GCC_NO_COMMON_BLOCKS = YES;
				GCC_WARN_64_TO_32_BIT_CONVERSION = YES;
				GCC_WARN_ABOUT_RETURN_TYPE = YES_ERROR;
				GCC_WARN_UNDECLARED_SELECTOR = YES;
				GCC_WARN_UNINITIALIZED_AUTOS = YES_AGGRESSIVE;
				GCC_WARN_UNUSED_FUNCTION = YES;
				GCC_WARN_UNUSED_VARIABLE = YES;
				MACOSX_DEPLOYMENT_TARGET = 10.10;
				MTL_ENABLE_DEBUG_INFO = NO;
				SDKROOT = macosx;
			};
			name = Release;
		};
		7CDF11E01C9258D300EC2AA4 /* Debug */ = {
			isa = XCBuildConfiguration;
			buildSettings = {
				PRODUCT_NAME = "$(TARGET_NAME)";
			};
			name = Debug;
		};
		7CDF11E11C9258D300EC2AA4 /* Release */ = {
			isa = XCBuildConfiguration;
			buildSettings = {
				PRODUCT_NAME = "$(TARGET_NAME)";
			};
			name = Release;
		};
/* End XCBuildConfiguration section */

/* Begin XCConfigurationList section */
		7CDF11D31C9258D300EC2AA4 /* Build configuration list for PBXProject "CycleRetain" */ = {
			isa = XCConfigurationList;
			buildConfigurations = (
				7CDF11DD1C9258D300EC2AA4 /* Debug */,
				7CDF11DE1C9258D300EC2AA4 /* Release */,
			);
			defaultConfigurationIsVisible = 0;
			defaultConfigurationName = Release;
		};
		7CDF11DF1C9258D300EC2AA4 /* Build configuration list for PBXNativeTarget "CycleRetain" */ = {
			isa = XCConfigurationList;
			buildConfigurations = (
				7CDF11E01C9258D300EC2AA4 /* Debug */,
				7CDF11E11C9258D300EC2AA4 /* Release */,
			);
			defaultConfigurationIsVisible = 0;
		};
/* End XCConfigurationList section */
	};
	rootObject = 7CDF11D01C9258D300EC2AA4 /* Project object */;
}
