// !$*UTF8*$!
{
	archiveVersion = 1;
	classes = {
	};
	objectVersion = 46;
	objects = {

/* Begin PBXBuildFile section */
		7CDBE3041C97B0F400F77717 /* main.m in Sources */ = {isa = PBXBuildFile; fileRef = 7CDBE3031C97B0F400F77717 /* main.m */; };
		7CDBE36C1C9A9A0E00F77717 /* MyClass.m in Sources */ = {isa = PBXBuildFile; fileRef = 7CDBE36B1C9A9A0E00F77717 /* MyClass.m */; };
		7CDBE3721C9A9A8800F77717 /* MyClass+Helper.m in Sources */ = {isa = PBXBuildFile; fileRef = 7CDBE3711C9A9A8800F77717 /* MyClass+Helper.m */; };
		7CDBE3781C9AA0C600F77717 /* MyClass+Common.m in Sources */ = {isa = PBXBuildFile; fileRef = 7CDBE3771C9AA0C600F77717 /* MyClass+Common.m */; };
		7CDBE3AE1C9AA58500F77717 /* libStatic.a in Frameworks */ = {isa = PBXBuildFile; fileRef = 7CDBE3AC1C9AA58500F77717 /* libStatic.a */; };
		7CDBE3B61C9AA6B600F77717 /* NSObject+MainApp.m in Sources */ = {isa = PBXBuildFile; fileRef = 7CDBE3B51C9AA6B600F77717 /* NSObject+MainApp.m */; };
/* End PBXBuildFile section */

/* Begin PBXCopyFilesBuildPhase section */
		7CDBE2FE1C97B0F400F77717 /* CopyFiles */ = {
			isa = PBXCopyFilesBuildPhase;
			buildActionMask = 2147483647;
			dstPath = /usr/share/man/man1/;
			dstSubfolderSpec = 0;
			files = (
			);
			runOnlyForDeploymentPostprocessing = 1;
		};
/* End PBXCopyFilesBuildPhase section */

/* Begin PBXFileReference section */
		7CDBE3001C97B0F400F77717 /* category */ = {isa = PBXFileReference; explicitFileType = "compiled.mach-o.executable"; includeInIndex = 0; path = category; sourceTree = BUILT_PRODUCTS_DIR; };
		7CDBE3031C97B0F400F77717 /* main.m */ = {isa = PBXFileReference; lastKnownFileType = sourcecode.c.objc; path = main.m; sourceTree = "<group>"; };
		7CDBE36A1C9A9A0E00F77717 /* MyClass.h */ = {isa = PBXFileReference; fileEncoding = 4; lastKnownFileType = sourcecode.c.h; path = MyClass.h; sourceTree = "<group>"; };
		7CDBE36B1C9A9A0E00F77717 /* MyClass.m */ = {isa = PBXFileReference; fileEncoding = 4; lastKnownFileType = sourcecode.c.objc; path = MyClass.m; sourceTree = "<group>"; };
		7CDBE3701C9A9A8800F77717 /* MyClass+Helper.h */ = {isa = PBXFileReference; fileEncoding = 4; lastKnownFileType = sourcecode.c.h; path = "MyClass+Helper.h"; sourceTree = "<group>"; };
		7CDBE3711C9A9A8800F77717 /* MyClass+Helper.m */ = {isa = PBXFileReference; fileEncoding = 4; lastKnownFileType = sourcecode.c.objc; path = "MyClass+Helper.m"; sourceTree = "<group>"; };
		7CDBE3761C9AA0C600F77717 /* MyClass+Common.h */ = {isa = PBXFileReference; fileEncoding = 4; lastKnownFileType = sourcecode.c.h; path = "MyClass+Common.h"; sourceTree = "<group>"; };
		7CDBE3771C9AA0C600F77717 /* MyClass+Common.m */ = {isa = PBXFileReference; fileEncoding = 4; lastKnownFileType = sourcecode.c.objc; path = "MyClass+Common.m"; sourceTree = "<group>"; };
		7CDBE3AC1C9AA58500F77717 /* libStatic.a */ = {isa = PBXFileReference; lastKnownFileType = archive.ar; name = libStatic.a; path = libStatic/libStatic.a; sourceTree = "<group>"; };
		7CDBE3B31C9AA63300F77717 /* NSObject+Static.h */ = {isa = PBXFileReference; fileEncoding = 4; lastKnownFileType = sourcecode.c.h; name = "NSObject+Static.h"; path = "libStatic/NSObject+Static.h"; sourceTree = "<group>"; };
		7CDBE3B41C9AA6B600F77717 /* NSObject+MainApp.h */ = {isa = PBXFileReference; fileEncoding = 4; lastKnownFileType = sourcecode.c.h; path = "NSObject+MainApp.h"; sourceTree = "<group>"; };
		7CDBE3B51C9AA6B600F77717 /* NSObject+MainApp.m */ = {isa = PBXFileReference; fileEncoding = 4; lastKnownFileType = sourcecode.c.objc; path = "NSObject+MainApp.m"; sourceTree = "<group>"; };
/* End PBXFileReference section */

/* Begin PBXFrameworksBuildPhase section */
		7CDBE2FD1C97B0F400F77717 /* Frameworks */ = {
			isa = PBXFrameworksBuildPhase;
			buildActionMask = 2147483647;
			files = (
				7CDBE3AE1C9AA58500F77717 /* libStatic.a in Frameworks */,
			);
			runOnlyForDeploymentPostprocessing = 0;
		};
/* End PBXFrameworksBuildPhase section */

/* Begin PBXGroup section */
		7CDBE2F71C97B0F400F77717 = {
			isa = PBXGroup;
			children = (
				7CDBE3021C97B0F400F77717 /* category */,
				7CDBE3011C97B0F400F77717 /* Products */,
			);
			sourceTree = "<group>";
		};
		7CDBE3011C97B0F400F77717 /* Products */ = {
			isa = PBXGroup;
			children = (
				7CDBE3001C97B0F400F77717 /* category */,
			);
			name = Products;
			sourceTree = "<group>";
		};
		7CDBE3021C97B0F400F77717 /* category */ = {
			isa = PBXGroup;
			children = (
				7CDBE3931C9AA39500F77717 /* libStatic */,
				7CDBE3031C97B0F400F77717 /* main.m */,
				7CDBE36A1C9A9A0E00F77717 /* MyClass.h */,
				7CDBE36B1C9A9A0E00F77717 /* MyClass.m */,
				7CDBE3701C9A9A8800F77717 /* MyClass+Helper.h */,
				7CDBE3711C9A9A8800F77717 /* MyClass+Helper.m */,
				7CDBE3761C9AA0C600F77717 /* MyClass+Common.h */,
				7CDBE3771C9AA0C600F77717 /* MyClass+Common.m */,
				7CDBE3B41C9AA6B600F77717 /* NSObject+MainApp.h */,
				7CDBE3B51C9AA6B600F77717 /* NSObject+MainApp.m */,
			);
			path = category;
			sourceTree = "<group>";
		};
		7CDBE3931C9AA39500F77717 /* libStatic */ = {
			isa = PBXGroup;
			children = (
				7CDBE3B31C9AA63300F77717 /* NSObject+Static.h */,
				7CDBE3AC1C9AA58500F77717 /* libStatic.a */,
			);
			name = libStatic;
			sourceTree = "<group>";
		};
/* End PBXGroup section */

/* Begin PBXNativeTarget section */
		7CDBE2FF1C97B0F400F77717 /* category */ = {
			isa = PBXNativeTarget;
			buildConfigurationList = 7CDBE3071C97B0F400F77717 /* Build configuration list for PBXNativeTarget "category" */;
			buildPhases = (
				7CDBE2FC1C97B0F400F77717 /* Sources */,
				7CDBE2FD1C97B0F400F77717 /* Frameworks */,
				7CDBE2FE1C97B0F400F77717 /* CopyFiles */,
			);
			buildRules = (
			);
			dependencies = (
			);
			name = category;
			productName = category;
			productReference = 7CDBE3001C97B0F400F77717 /* category */;
			productType = "com.apple.product-type.tool";
		};
/* End PBXNativeTarget section */

/* Begin PBXProject section */
		7CDBE2F81C97B0F400F77717 /* Project object */ = {
			isa = PBXProject;
			attributes = {
				LastUpgradeCheck = 0720;
				ORGANIZATIONNAME = muyu;
				TargetAttributes = {
					7CDBE2FF1C97B0F400F77717 = {
						CreatedOnToolsVersion = 7.2;
					};
				};
			};
			buildConfigurationList = 7CDBE2FB1C97B0F400F77717 /* Build configuration list for PBXProject "category" */;
			compatibilityVersion = "Xcode 3.2";
			developmentRegion = English;
			hasScannedForEncodings = 0;
			knownRegions = (
				en,
			);
			mainGroup = 7CDBE2F71C97B0F400F77717;
			productRefGroup = 7CDBE3011C97B0F400F77717 /* Products */;
			projectDirPath = "";
			projectRoot = "";
			targets = (
				7CDBE2FF1C97B0F400F77717 /* category */,
			);
		};
/* End PBXProject section */

/* Begin PBXSourcesBuildPhase section */
		7CDBE2FC1C97B0F400F77717 /* Sources */ = {
			isa = PBXSourcesBuildPhase;
			buildActionMask = 2147483647;
			files = (
				7CDBE36C1C9A9A0E00F77717 /* MyClass.m in Sources */,
				7CDBE3B61C9AA6B600F77717 /* NSObject+MainApp.m in Sources */,
				7CDBE3041C97B0F400F77717 /* main.m in Sources */,
				7CDBE3721C9A9A8800F77717 /* MyClass+Helper.m in Sources */,
				7CDBE3781C9AA0C600F77717 /* MyClass+Common.m in Sources */,
			);
			runOnlyForDeploymentPostprocessing = 0;
		};
/* End PBXSourcesBuildPhase section */

/* Begin XCBuildConfiguration section */
		7CDBE3051C97B0F400F77717 /* Debug */ = {
			isa = XCBuildConfiguration;
			buildSettings = {
				ALWAYS_SEARCH_USER_PATHS = NO;
				CLANG_CXX_LANGUAGE_STANDARD = "gnu++0x";
				CLANG_CXX_LIBRARY = "libc++";
				CLANG_ENABLE_MODULES = YES;
				CLANG_ENABLE_OBJC_ARC = YES;
				CLANG_WARN_BOOL_CONVERSION = YES;
				CLANG_WARN_CONSTANT_CONVERSION = YES;
				CLANG_WARN_DIRECT_OBJC_ISA_USAGE = YES_ERROR;
				CLANG_WARN_EMPTY_BODY = YES;
				CLANG_WARN_ENUM_CONVERSION = YES;
				CLANG_WARN_INT_CONVERSION = YES;
				CLANG_WARN_OBJC_ROOT_CLASS = YES_ERROR;
				CLANG_WARN_UNREACHABLE_CODE = YES;
				CLANG_WARN__DUPLICATE_METHOD_MATCH = YES;
				CODE_SIGN_IDENTITY = "-";
				COPY_PHASE_STRIP = NO;
				DEBUG_INFORMATION_FORMAT = dwarf;
				ENABLE_STRICT_OBJC_MSGSEND = YES;
				ENABLE_TESTABILITY = YES;
				GCC_C_LANGUAGE_STANDARD = gnu99;
				GCC_DYNAMIC_NO_PIC = NO;
				GCC_NO_COMMON_BLOCKS = YES;
				GCC_OPTIMIZATION_LEVEL = 0;
				GCC_PREPROCESSOR_DEFINITIONS = (
					"DEBUG=1",
					"$(inherited)",
				);
				GCC_WARN_64_TO_32_BIT_CONVERSION = YES;
				GCC_WARN_ABOUT_RETURN_TYPE = YES_ERROR;
				GCC_WARN_UNDECLARED_SELECTOR = YES;
				GCC_WARN_UNINITIALIZED_AUTOS = YES_AGGRESSIVE;
				GCC_WARN_UNUSED_FUNCTION = YES;
				GCC_WARN_UNUSED_VARIABLE = YES;
				MACOSX_DEPLOYMENT_TARGET = 10.10;
				MTL_ENABLE_DEBUG_INFO = YES;
				ONLY_ACTIVE_ARCH = YES;
				SDKROOT = macosx;
			};
			name = Debug;
		};
		7CDBE3061C97B0F400F77717 /* Release */ = {
			isa = XCBuildConfiguration;
			buildSettings = {
				ALWAYS_SEARCH_USER_PATHS = NO;
				CLANG_CXX_LANGUAGE_STANDARD = "gnu++0x";
				CLANG_CXX_LIBRARY = "libc++";
				CLANG_ENABLE_MODULES = YES;
				CLANG_ENABLE_OBJC_ARC = YES;
				CLANG_WARN_BOOL_CONVERSION = YES;
				CLANG_WARN_CONSTANT_CONVERSION = YES;
				CLANG_WARN_DIRECT_OBJC_ISA_USAGE = YES_ERROR;
				CLANG_WARN_EMPTY_BODY = YES;
				CLANG_WARN_ENUM_CONVERSION = YES;
				CLANG_WARN_INT_CONVERSION = YES;
				CLANG_WARN_OBJC_ROOT_CLASS = YES_ERROR;
				CLANG_WARN_UNREACHABLE_CODE = YES;
				CLANG_WARN__DUPLICATE_METHOD_MATCH = YES;
				CODE_SIGN_IDENTITY = "-";
				COPY_PHASE_STRIP = NO;
				DEBUG_INFORMATION_FORMAT = "dwarf-with-dsym";
				ENABLE_NS_ASSERTIONS = NO;
				ENABLE_STRICT_OBJC_MSGSEND = YES;
				GCC_C_LANGUAGE_STANDARD = gnu99;
				GCC_NO_COMMON_BLOCKS = YES;
				GCC_WARN_64_TO_32_BIT_CONVERSION = YES;
				GCC_WARN_ABOUT_RETURN_TYPE = YES_ERROR;
				GCC_WARN_UNDECLARED_SELECTOR = YES;
				GCC_WARN_UNINITIALIZED_AUTOS = YES_AGGRESSIVE;
				GCC_WARN_UNUSED_FUNCTION = YES;
				GCC_WARN_UNUSED_VARIABLE = YES;
				MACOSX_DEPLOYMENT_TARGET = 10.10;
				MTL_ENABLE_DEBUG_INFO = NO;
				SDKROOT = macosx;
			};
			name = Release;
		};
		7CDBE3081C97B0F400F77717 /* Debug */ = {
			isa = XCBuildConfiguration;
			buildSettings = {
				LIBRARY_SEARCH_PATHS = (
					"$(inherited)",
					"$(PROJECT_DIR)/category",
					"$(PROJECT_DIR)/category/libStatic",
				);
				PRODUCT_NAME = "$(TARGET_NAME)";
			};
			name = Debug;
		};
		7CDBE3091C97B0F400F77717 /* Release */ = {
			isa = XCBuildConfiguration;
			buildSettings = {
				LIBRARY_SEARCH_PATHS = (
					"$(inherited)",
					"$(PROJECT_DIR)/category",
					"$(PROJECT_DIR)/category/libStatic",
				);
				PRODUCT_NAME = "$(TARGET_NAME)";
			};
			name = Release;
		};
/* End XCBuildConfiguration section */

/* Begin XCConfigurationList section */
		7CDBE2FB1C97B0F400F77717 /* Build configuration list for PBXProject "category" */ = {
			isa = XCConfigurationList;
			buildConfigurations = (
				7CDBE3051C97B0F400F77717 /* Debug */,
				7CDBE3061C97B0F400F77717 /* Release */,
			);
			defaultConfigurationIsVisible = 0;
			defaultConfigurationName = Release;
		};
		7CDBE3071C97B0F400F77717 /* Build configuration list for PBXNativeTarget "category" */ = {
			isa = XCConfigurationList;
			buildConfigurations = (
				7CDBE3081C97B0F400F77717 /* Debug */,
				7CDBE3091C97B0F400F77717 /* Release */,
			);
			defaultConfigurationIsVisible = 0;
		};
/* End XCConfigurationList section */
	};
	rootObject = 7CDBE2F81C97B0F400F77717 /* Project object */;
}
